
Microsoft Visual Studio Solution File, Format Version 12.00
# Visual Studio Version 17
VisualStudioVersion = 17.11.35327.3
MinimumVisualStudioVersion = 10.0.40219.1
Project("{8BC9CEB8-8B4A-11D0-8D11-00A0C91BC942}") = "집합의 표현", "집합의 표현\집합의 표현.vcxproj", "{5CBE139F-6068-40C8-B0F6-DC2AE0F8BFEB}"
EndProject
Global
	GlobalSection(SolutionConfigurationPlatforms) = preSolution
		Debug|x64 = Debug|x64
		Debug|x86 = Debug|x86
		Release|x64 = Release|x64
		Release|x86 = Release|x86
	EndGlobalSection
	GlobalSection(ProjectConfigurationPlatforms) = postSolution
		{5CBE139F-6068-40C8-B0F6-DC2AE0F8BFEB}.Debug|x64.ActiveCfg = Debug|x64
		{5CBE139F-6068-40C8-B0F6-DC2AE0F8BFEB}.Debug|x64.Build.0 = Debug|x64
		{5CBE139F-6068-40C8-B0F6-DC2AE0F8BFEB}.Debug|x86.ActiveCfg = Debug|Win32
		{5CBE139F-6068-40C8-B0F6-DC2AE0F8BFEB}.Debug|x86.Build.0 = Debug|Win32
		{5CBE139F-6068-40C8-B0F6-DC2AE0F8BFEB}.Release|x64.ActiveCfg = Release|x64
		{5CBE139F-6068-40C8-B0F6-DC2AE0F8BFEB}.Release|x64.Build.0 = Release|x64
		{5CBE139F-6068-40C8-B0F6-DC2AE0F8BFEB}.Release|x86.ActiveCfg = Release|Win32
		{5CBE139F-6068-40C8-B0F6-DC2AE0F8BFEB}.Release|x86.Build.0 = Release|Win32
	EndGlobalSection
	GlobalSection(SolutionProperties) = preSolution
		HideSolutionNode = FALSE
	EndGlobalSection
	GlobalSection(ExtensibilityGlobals) = postSolution
		SolutionGuid = {641106BF-7CC2-4FCA-8B92-38512779FFBE}
	EndGlobalSection
EndGlobal
